
Microsoft Visual Studio Solution File, Format Version 12.00
# Visual Studio Version 17
VisualStudioVersion = 17.2.32630.192
MinimumVisualStudioVersion = 10.0.40219.1
Project("{9A19103F-16F7-4668-BE54-9A1E7A4F7556}") = "R5T.L0045", "R5T.L0045\R5T.L0045.csproj", "{99105F07-DA4C-41E8-84D7-6E95F29FE1C3}"
EndProject
Project("{9A19103F-16F7-4668-BE54-9A1E7A4F7556}") = "R5T.L0045.T000", "R5T.L0045.T000\R5T.L0045.T000.csproj", "{1B08F0FA-06EF-4FA7-A054-25B3EDC9CFBC}"
EndProject
Project("{2150E333-8FDC-42A3-9474-1A3956D46DE8}") = "_Dependencies", "_Dependencies", "{2E54D535-D53F-4A3F-8B0D-33CB492D0FCA}"
EndProject
Project("{9A19103F-16F7-4668-BE54-9A1E7A4F7556}") = "R5T.F0000", "..\..\R5T.F0000\source\R5T.F0000\R5T.F0000.csproj", "{62660877-537D-4CCE-BA0E-852570F27FD7}"
EndProject
Project("{9A19103F-16F7-4668-BE54-9A1E7A4F7556}") = "R5T.F0002", "..\..\R5T.F0002\source\R5T.F0002\R5T.F0002.csproj", "{D05F17E5-8D79-4CBE-8D44-B3E417E338B9}"
EndProject
Project("{9A19103F-16F7-4668-BE54-9A1E7A4F7556}") = "R5T.F0120", "..\..\R5T.F0120\source\R5T.F0120\R5T.F0120.csproj", "{CB952379-E429-42D0-821F-425614D263BA}"
EndProject
Project("{9A19103F-16F7-4668-BE54-9A1E7A4F7556}") = "R5T.F0124", "..\..\R5T.F0124\source\R5T.F0124\R5T.F0124.csproj", "{E6267054-AD45-4349-B5FE-4F94C60EC2D3}"
EndProject
Project("{9A19103F-16F7-4668-BE54-9A1E7A4F7556}") = "R5T.F0125", "..\..\R5T.F0125\source\R5T.F0125\R5T.F0125.csproj", "{2C678DAB-9A48-4039-AF63-E8F53A106F81}"
EndProject
Project("{9A19103F-16F7-4668-BE54-9A1E7A4F7556}") = "R5T.L0030.T000", "..\..\R5T.L0030\source\R5T.L0030.T000\R5T.L0030.T000.csproj", "{EEAA68BF-193F-43A5-B5AE-0153B4BDACAA}"
EndProject
Project("{9A19103F-16F7-4668-BE54-9A1E7A4F7556}") = "R5T.L0030", "..\..\R5T.L0030\source\R5T.L0030\R5T.L0030.csproj", "{80C36240-864F-4091-BAA2-B4F99A332A30}"
EndProject
Project("{9A19103F-16F7-4668-BE54-9A1E7A4F7556}") = "R5T.L0034", "..\..\R5T.L0034\source\R5T.L0034\R5T.L0034.csproj", "{4587A8EC-94E9-45BB-B21A-F41BE0827A19}"
EndProject
Project("{9A19103F-16F7-4668-BE54-9A1E7A4F7556}") = "R5T.L0035", "..\..\R5T.L0035\source\R5T.L0035\R5T.L0035.csproj", "{FA263521-FB03-4992-BFCA-6EBA076EEA46}"
EndProject
Project("{9A19103F-16F7-4668-BE54-9A1E7A4F7556}") = "R5T.T0131", "..\..\R5T.T0131\source\R5T.T0131\R5T.T0131.csproj", "{534A8749-9E72-4511-9FB9-DBF645DDABBB}"
EndProject
Project("{9A19103F-16F7-4668-BE54-9A1E7A4F7556}") = "R5T.T0132", "..\..\R5T.T0132\source\R5T.T0132\R5T.T0132.csproj", "{0C456D4C-565A-4C84-B074-55BDDC23FB68}"
EndProject
Project("{9A19103F-16F7-4668-BE54-9A1E7A4F7556}") = "R5T.T0142", "..\..\R5T.T0142\source\R5T.T0142\R5T.T0142.csproj", "{10642595-C3BA-4832-A95B-F9BFA5075487}"
EndProject
Project("{9A19103F-16F7-4668-BE54-9A1E7A4F7556}") = "R5T.T0143", "..\..\R5T.T0143\source\R5T.T0143\R5T.T0143.csproj", "{8374E973-ACA7-45ED-B6F6-BA59E24B2F5F}"
EndProject
Project("{9A19103F-16F7-4668-BE54-9A1E7A4F7556}") = "R5T.T0156", "..\..\R5T.T0156\source\R5T.T0156\R5T.T0156.csproj", "{CA75D417-D595-45BC-BA13-02DF50B999DA}"
EndProject
Project("{9A19103F-16F7-4668-BE54-9A1E7A4F7556}") = "R5T.T0174", "..\..\R5T.T0174\source\R5T.T0174\R5T.T0174.csproj", "{F3AF4B93-B612-4822-A728-F877D55C9EE3}"
EndProject
Project("{9A19103F-16F7-4668-BE54-9A1E7A4F7556}") = "R5T.T0176", "..\..\R5T.T0176\source\R5T.T0176\R5T.T0176.csproj", "{2F22C1A3-0C73-4E5A-A834-30294652CEEE}"
EndProject
Project("{9A19103F-16F7-4668-BE54-9A1E7A4F7556}") = "R5T.T0177", "..\..\R5T.T0177\source\R5T.T0177\R5T.T0177.csproj", "{187FF3B0-8AD4-4745-9F15-8A5C2E625C71}"
EndProject
Project("{9A19103F-16F7-4668-BE54-9A1E7A4F7556}") = "R5T.T0178", "..\..\R5T.T0178\source\R5T.T0178\R5T.T0178.csproj", "{835E3E4C-AF01-4798-9790-8960F864A551}"
EndProject
Project("{9A19103F-16F7-4668-BE54-9A1E7A4F7556}") = "R5T.T0179", "..\..\R5T.T0179\source\R5T.T0179\R5T.T0179.csproj", "{3DAF2EB6-E509-4B7B-8DC7-0D97A0E6F043}"
EndProject
Project("{9A19103F-16F7-4668-BE54-9A1E7A4F7556}") = "R5T.T0180", "..\..\R5T.T0180\source\R5T.T0180\R5T.T0180.csproj", "{F543BFDE-B4E3-4B83-BEB0-1073D5A72894}"
EndProject
Project("{9A19103F-16F7-4668-BE54-9A1E7A4F7556}") = "R5T.T0181", "..\..\R5T.T0181\source\R5T.T0181\R5T.T0181.csproj", "{FD424589-F0EB-41BD-8C6B-A61186214948}"
EndProject
Project("{9A19103F-16F7-4668-BE54-9A1E7A4F7556}") = "R5T.T0185", "..\..\R5T.T0185\source\R5T.T0185\R5T.T0185.csproj", "{E0B88309-4BC9-477D-889E-F5C221D6ED66}"
EndProject
Project("{9A19103F-16F7-4668-BE54-9A1E7A4F7556}") = "R5T.Y0000", "..\..\R5T.Y0000\source\R5T.Y0000\R5T.Y0000.csproj", "{68A0B26F-FF25-42EB-895E-8FB0DD331F80}"
EndProject
Project("{9A19103F-16F7-4668-BE54-9A1E7A4F7556}") = "R5T.Z0000", "..\..\R5T.Z0000\source\R5T.Z0000\R5T.Z0000.csproj", "{F6F005F9-DB41-4BAF-ACF1-CF69687F50D9}"
EndProject
Project("{9A19103F-16F7-4668-BE54-9A1E7A4F7556}") = "R5T.L0043.T000", "..\..\R5T.L0043\source\R5T.L0043.T000\R5T.L0043.T000.csproj", "{0F5C1353-06D1-4941-B1F3-B95B1BD640FD}"
EndProject
Project("{9A19103F-16F7-4668-BE54-9A1E7A4F7556}") = "R5T.L0045.S000", "R5T.L0045.S000\R5T.L0045.S000.csproj", "{14C08B7A-223D-47DC-8DBE-F050C72050D4}"
EndProject
Project("{9A19103F-16F7-4668-BE54-9A1E7A4F7556}") = "R5T.L0045.S000.Library", "R5T.L0045.S000.Library\R5T.L0045.S000.Library.csproj", "{B58261F4-B5B9-413E-9429-1F04BAD26240}"
EndProject
Project("{9A19103F-16F7-4668-BE54-9A1E7A4F7556}") = "R5T.L0032.T000", "..\..\R5T.L0032\source\R5T.L0032.T000\R5T.L0032.T000.csproj", "{3FD54BAF-0F57-4262-A268-DAAEF5BD5EF8}"
EndProject
Project("{9A19103F-16F7-4668-BE54-9A1E7A4F7556}") = "R5T.T0150", "..\..\R5T.T0150\source\R5T.T0150\R5T.T0150.csproj", "{8C3A3935-76F5-470D-9B47-07337F77824B}"
EndProject
Project("{9A19103F-16F7-4668-BE54-9A1E7A4F7556}") = "R5T.T0151", "..\..\R5T.T0151\source\R5T.T0151\R5T.T0151.csproj", "{FC2DBB59-F70C-4592-8333-44C6EDD2BD72}"
EndProject
Project("{9A19103F-16F7-4668-BE54-9A1E7A4F7556}") = "R5T.T0161", "..\..\R5T.T0161\source\R5T.T0161\R5T.T0161.csproj", "{362F0B39-3C20-4A93-9DFB-80E72A64869E}"
EndProject
Project("{9A19103F-16F7-4668-BE54-9A1E7A4F7556}") = "R5T.T0172", "..\..\R5T.T0172\source\R5T.T0172\R5T.T0172.csproj", "{6BCB726C-56C8-4725-A749-7FA3924222F3}"
EndProject
Project("{9A19103F-16F7-4668-BE54-9A1E7A4F7556}") = "R5T.T0184", "..\..\R5T.T0184\source\R5T.T0184\R5T.T0184.csproj", "{19827C35-739A-4601-862E-A1B610A1E586}"
EndProject
Project("{9A19103F-16F7-4668-BE54-9A1E7A4F7556}") = "R5T.T0186", "..\..\R5T.T0186\source\R5T.T0186\R5T.T0186.csproj", "{2E61E5B8-1047-4C51-A599-79BD0337FBA5}"
EndProject
Project("{9A19103F-16F7-4668-BE54-9A1E7A4F7556}") = "R5T.T0187", "..\..\R5T.T0187\source\R5T.T0187\R5T.T0187.csproj", "{119BA9D3-C08A-4626-AEA0-E5B865CD5E07}"
EndProject
Project("{9A19103F-16F7-4668-BE54-9A1E7A4F7556}") = "R5T.T0196", "..\..\R5T.T0196\source\R5T.T0196\R5T.T0196.csproj", "{C7BF20E1-AFA9-4F3E-8C4F-795EB4FEC7A6}"
EndProject
Project("{9A19103F-16F7-4668-BE54-9A1E7A4F7556}") = "R5T.T0197", "..\..\R5T.T0197\source\R5T.T0197\R5T.T0197.csproj", "{AEC759DE-9F5D-41AB-8152-F041A32610BA}"
EndProject
Project("{9A19103F-16F7-4668-BE54-9A1E7A4F7556}") = "R5T.T0198", "..\..\R5T.T0198\source\R5T.T0198\R5T.T0198.csproj", "{06FA4DB4-D6B7-4AA0-A023-53505EB65786}"
EndProject
Project("{9A19103F-16F7-4668-BE54-9A1E7A4F7556}") = "R5T.Z0046", "..\..\R5T.Z0046\source\R5T.Z0046\R5T.Z0046.csproj", "{4E359853-8563-495D-9355-C83761788C3E}"
EndProject
Project("{9A19103F-16F7-4668-BE54-9A1E7A4F7556}") = "R5T.L0045.X000", "R5T.L0045.X000\R5T.L0045.X000.csproj", "{8B3BF3E7-9ADA-47F0-8CC1-A1232EAC3DB1}"
EndProject
Project("{9A19103F-16F7-4668-BE54-9A1E7A4F7556}") = "R5T.L0045.O001", "R5T.L0045.O001\R5T.L0045.O001.csproj", "{B691CF46-C122-4B76-949A-46C49D57974F}"
EndProject
Project("{9A19103F-16F7-4668-BE54-9A1E7A4F7556}") = "R5T.L0043.F000", "..\..\R5T.L0043\source\R5T.L0043.F000\R5T.L0043.F000.csproj", "{F2F3E1C4-DA83-435C-AEEA-C5BB82E90B19}"
EndProject
Project("{9A19103F-16F7-4668-BE54-9A1E7A4F7556}") = "R5T.L0043.O001", "..\..\R5T.L0043\source\R5T.L0043.O001\R5T.L0043.O001.csproj", "{A0BD788F-93C0-4BDE-B954-F2D8406B74DC}"
EndProject
Project("{9A19103F-16F7-4668-BE54-9A1E7A4F7556}") = "R5T.L0043.Z000", "..\..\R5T.L0043\source\R5T.L0043.Z000\R5T.L0043.Z000.csproj", "{991CAE6C-E945-4DFB-A470-D2B11943726B}"
EndProject
Project("{9A19103F-16F7-4668-BE54-9A1E7A4F7556}") = "R5T.L0043.Z002", "..\..\R5T.L0043\source\R5T.L0043.Z002\R5T.L0043.Z002.csproj", "{1C72F321-CA06-4C02-A369-A1B16571D50C}"
EndProject
Project("{9A19103F-16F7-4668-BE54-9A1E7A4F7556}") = "R5T.Z0047", "..\..\R5T.Z0047\source\R5T.Z0047\R5T.Z0047.csproj", "{CF979235-CD98-431C-B67B-DB86E8CC0322}"
EndProject
Project("{9A19103F-16F7-4668-BE54-9A1E7A4F7556}") = "R5T.L0043.O002", "..\..\R5T.L0043\source\R5T.L0043.O002\R5T.L0043.O002.csproj", "{8358EED1-C0F6-4B85-9EE7-E3A937B09B29}"
EndProject
Project("{9A19103F-16F7-4668-BE54-9A1E7A4F7556}") = "R5T.L0045.F001", "R5T.L0045.F001\R5T.L0045.F001.csproj", "{25246274-0297-4C54-A27A-7F998424136B}"
EndProject
Project("{9A19103F-16F7-4668-BE54-9A1E7A4F7556}") = "R5T.NG0022", "..\..\R5T.NG0022\source\R5T.NG0022\R5T.NG0022.csproj", "{89C32BF8-DFD7-47A5-A9A1-A4B0A39BD2AF}"
EndProject
Project("{9A19103F-16F7-4668-BE54-9A1E7A4F7556}") = "R5T.T0199", "..\..\R5T.T0199\source\R5T.T0199\R5T.T0199.csproj", "{B5304095-A213-4E8D-B950-C16CD65E357A}"
EndProject
Project("{9A19103F-16F7-4668-BE54-9A1E7A4F7556}") = "R5T.T0200", "..\..\R5T.T0200\source\R5T.T0200\R5T.T0200.csproj", "{39A8890C-F289-4272-8B19-7AA37BA06EF2}"
EndProject
Project("{9A19103F-16F7-4668-BE54-9A1E7A4F7556}") = "R5T.T0203", "..\..\R5T.T0203\source\R5T.T0203\R5T.T0203.csproj", "{5908F693-9BDD-4BDF-AE68-0CE3C801CF53}"
EndProject
Project("{9A19103F-16F7-4668-BE54-9A1E7A4F7556}") = "R5T.T0218", "..\..\R5T.T0218\source\R5T.T0218\R5T.T0218.csproj", "{57C207B8-DC87-4FBD-B116-86CAD1B9CEB0}"
EndProject
Project("{9A19103F-16F7-4668-BE54-9A1E7A4F7556}") = "R5T.T0220", "..\..\R5T.T0220\source\R5T.T0220\R5T.T0220.csproj", "{E9FCE4A5-504B-4174-9789-632D7309F14D}"
EndProject
Project("{9A19103F-16F7-4668-BE54-9A1E7A4F7556}") = "R5T.T0221", "..\..\R5T.T0221\source\R5T.T0221\R5T.T0221.csproj", "{29F1A3F8-0CA4-436B-B128-DC63C9268903}"
EndProject
Project("{9A19103F-16F7-4668-BE54-9A1E7A4F7556}") = "R5T.L0043.F001", "..\..\R5T.L0043\source\R5T.L0043.F001\R5T.L0043.F001.csproj", "{C0580C51-8834-4F05-8FFD-7283CA37E6E8}"
EndProject
Global
	GlobalSection(NestedProjects) = preSolution
		{62660877-537D-4CCE-BA0E-852570F27FD7} = {2E54D535-D53F-4A3F-8B0D-33CB492D0FCA}
		{D05F17E5-8D79-4CBE-8D44-B3E417E338B9} = {2E54D535-D53F-4A3F-8B0D-33CB492D0FCA}
		{CB952379-E429-42D0-821F-425614D263BA} = {2E54D535-D53F-4A3F-8B0D-33CB492D0FCA}
		{E6267054-AD45-4349-B5FE-4F94C60EC2D3} = {2E54D535-D53F-4A3F-8B0D-33CB492D0FCA}
		{2C678DAB-9A48-4039-AF63-E8F53A106F81} = {2E54D535-D53F-4A3F-8B0D-33CB492D0FCA}
		{EEAA68BF-193F-43A5-B5AE-0153B4BDACAA} = {2E54D535-D53F-4A3F-8B0D-33CB492D0FCA}
		{80C36240-864F-4091-BAA2-B4F99A332A30} = {2E54D535-D53F-4A3F-8B0D-33CB492D0FCA}
		{4587A8EC-94E9-45BB-B21A-F41BE0827A19} = {2E54D535-D53F-4A3F-8B0D-33CB492D0FCA}
		{FA263521-FB03-4992-BFCA-6EBA076EEA46} = {2E54D535-D53F-4A3F-8B0D-33CB492D0FCA}
		{534A8749-9E72-4511-9FB9-DBF645DDABBB} = {2E54D535-D53F-4A3F-8B0D-33CB492D0FCA}
		{0C456D4C-565A-4C84-B074-55BDDC23FB68} = {2E54D535-D53F-4A3F-8B0D-33CB492D0FCA}
		{10642595-C3BA-4832-A95B-F9BFA5075487} = {2E54D535-D53F-4A3F-8B0D-33CB492D0FCA}
		{8374E973-ACA7-45ED-B6F6-BA59E24B2F5F} = {2E54D535-D53F-4A3F-8B0D-33CB492D0FCA}
		{CA75D417-D595-45BC-BA13-02DF50B999DA} = {2E54D535-D53F-4A3F-8B0D-33CB492D0FCA}
		{F3AF4B93-B612-4822-A728-F877D55C9EE3} = {2E54D535-D53F-4A3F-8B0D-33CB492D0FCA}
		{2F22C1A3-0C73-4E5A-A834-30294652CEEE} = {2E54D535-D53F-4A3F-8B0D-33CB492D0FCA}
		{187FF3B0-8AD4-4745-9F15-8A5C2E625C71} = {2E54D535-D53F-4A3F-8B0D-33CB492D0FCA}
		{835E3E4C-AF01-4798-9790-8960F864A551} = {2E54D535-D53F-4A3F-8B0D-33CB492D0FCA}
		{3DAF2EB6-E509-4B7B-8DC7-0D97A0E6F043} = {2E54D535-D53F-4A3F-8B0D-33CB492D0FCA}
		{F543BFDE-B4E3-4B83-BEB0-1073D5A72894} = {2E54D535-D53F-4A3F-8B0D-33CB492D0FCA}
		{FD424589-F0EB-41BD-8C6B-A61186214948} = {2E54D535-D53F-4A3F-8B0D-33CB492D0FCA}
		{E0B88309-4BC9-477D-889E-F5C221D6ED66} = {2E54D535-D53F-4A3F-8B0D-33CB492D0FCA}
		{68A0B26F-FF25-42EB-895E-8FB0DD331F80} = {2E54D535-D53F-4A3F-8B0D-33CB492D0FCA}
		{F6F005F9-DB41-4BAF-ACF1-CF69687F50D9} = {2E54D535-D53F-4A3F-8B0D-33CB492D0FCA}
		{0F5C1353-06D1-4941-B1F3-B95B1BD640FD} = {2E54D535-D53F-4A3F-8B0D-33CB492D0FCA}
		{3FD54BAF-0F57-4262-A268-DAAEF5BD5EF8} = {2E54D535-D53F-4A3F-8B0D-33CB492D0FCA}
		{8C3A3935-76F5-470D-9B47-07337F77824B} = {2E54D535-D53F-4A3F-8B0D-33CB492D0FCA}
		{FC2DBB59-F70C-4592-8333-44C6EDD2BD72} = {2E54D535-D53F-4A3F-8B0D-33CB492D0FCA}
		{362F0B39-3C20-4A93-9DFB-80E72A64869E} = {2E54D535-D53F-4A3F-8B0D-33CB492D0FCA}
		{6BCB726C-56C8-4725-A749-7FA3924222F3} = {2E54D535-D53F-4A3F-8B0D-33CB492D0FCA}
		{19827C35-739A-4601-862E-A1B610A1E586} = {2E54D535-D53F-4A3F-8B0D-33CB492D0FCA}
		{2E61E5B8-1047-4C51-A599-79BD0337FBA5} = {2E54D535-D53F-4A3F-8B0D-33CB492D0FCA}
		{119BA9D3-C08A-4626-AEA0-E5B865CD5E07} = {2E54D535-D53F-4A3F-8B0D-33CB492D0FCA}
		{C7BF20E1-AFA9-4F3E-8C4F-795EB4FEC7A6} = {2E54D535-D53F-4A3F-8B0D-33CB492D0FCA}
		{AEC759DE-9F5D-41AB-8152-F041A32610BA} = {2E54D535-D53F-4A3F-8B0D-33CB492D0FCA}
		{06FA4DB4-D6B7-4AA0-A023-53505EB65786} = {2E54D535-D53F-4A3F-8B0D-33CB492D0FCA}
		{4E359853-8563-495D-9355-C83761788C3E} = {2E54D535-D53F-4A3F-8B0D-33CB492D0FCA}
		{F2F3E1C4-DA83-435C-AEEA-C5BB82E90B19} = {2E54D535-D53F-4A3F-8B0D-33CB492D0FCA}
		{A0BD788F-93C0-4BDE-B954-F2D8406B74DC} = {2E54D535-D53F-4A3F-8B0D-33CB492D0FCA}
		{991CAE6C-E945-4DFB-A470-D2B11943726B} = {2E54D535-D53F-4A3F-8B0D-33CB492D0FCA}
		{1C72F321-CA06-4C02-A369-A1B16571D50C} = {2E54D535-D53F-4A3F-8B0D-33CB492D0FCA}
		{CF979235-CD98-431C-B67B-DB86E8CC0322} = {2E54D535-D53F-4A3F-8B0D-33CB492D0FCA}
		{8358EED1-C0F6-4B85-9EE7-E3A937B09B29} = {2E54D535-D53F-4A3F-8B0D-33CB492D0FCA}
		{89C32BF8-DFD7-47A5-A9A1-A4B0A39BD2AF} = {2E54D535-D53F-4A3F-8B0D-33CB492D0FCA}
		{B5304095-A213-4E8D-B950-C16CD65E357A} = {2E54D535-D53F-4A3F-8B0D-33CB492D0FCA}
		{39A8890C-F289-4272-8B19-7AA37BA06EF2} = {2E54D535-D53F-4A3F-8B0D-33CB492D0FCA}
		{5908F693-9BDD-4BDF-AE68-0CE3C801CF53} = {2E54D535-D53F-4A3F-8B0D-33CB492D0FCA}
		{57C207B8-DC87-4FBD-B116-86CAD1B9CEB0} = {2E54D535-D53F-4A3F-8B0D-33CB492D0FCA}
		{E9FCE4A5-504B-4174-9789-632D7309F14D} = {2E54D535-D53F-4A3F-8B0D-33CB492D0FCA}
		{29F1A3F8-0CA4-436B-B128-DC63C9268903} = {2E54D535-D53F-4A3F-8B0D-33CB492D0FCA}
		{C0580C51-8834-4F05-8FFD-7283CA37E6E8} = {2E54D535-D53F-4A3F-8B0D-33CB492D0FCA}
	EndGlobalSection
	GlobalSection(SolutionConfigurationPlatforms) = preSolution
		Debug|Any CPU = Debug|Any CPU
		Release|Any CPU = Release|Any CPU
	EndGlobalSection
	GlobalSection(ProjectConfigurationPlatforms) = postSolution
		{99105F07-DA4C-41E8-84D7-6E95F29FE1C3}.Debug|Any CPU.ActiveCfg = Debug|Any CPU
		{99105F07-DA4C-41E8-84D7-6E95F29FE1C3}.Debug|Any CPU.Build.0 = Debug|Any CPU
		{99105F07-DA4C-41E8-84D7-6E95F29FE1C3}.Release|Any CPU.ActiveCfg = Release|Any CPU
		{99105F07-DA4C-41E8-84D7-6E95F29FE1C3}.Release|Any CPU.Build.0 = Release|Any CPU
		{1B08F0FA-06EF-4FA7-A054-25B3EDC9CFBC}.Debug|Any CPU.ActiveCfg = Debug|Any CPU
		{1B08F0FA-06EF-4FA7-A054-25B3EDC9CFBC}.Debug|Any CPU.Build.0 = Debug|Any CPU
		{1B08F0FA-06EF-4FA7-A054-25B3EDC9CFBC}.Release|Any CPU.ActiveCfg = Release|Any CPU
		{1B08F0FA-06EF-4FA7-A054-25B3EDC9CFBC}.Release|Any CPU.Build.0 = Release|Any CPU
		{62660877-537D-4CCE-BA0E-852570F27FD7}.Debug|Any CPU.ActiveCfg = Debug|Any CPU
		{62660877-537D-4CCE-BA0E-852570F27FD7}.Debug|Any CPU.Build.0 = Debug|Any CPU
		{62660877-537D-4CCE-BA0E-852570F27FD7}.Release|Any CPU.ActiveCfg = Release|Any CPU
		{62660877-537D-4CCE-BA0E-852570F27FD7}.Release|Any CPU.Build.0 = Release|Any CPU
		{D05F17E5-8D79-4CBE-8D44-B3E417E338B9}.Debug|Any CPU.ActiveCfg = Debug|Any CPU
		{D05F17E5-8D79-4CBE-8D44-B3E417E338B9}.Debug|Any CPU.Build.0 = Debug|Any CPU
		{D05F17E5-8D79-4CBE-8D44-B3E417E338B9}.Release|Any CPU.ActiveCfg = Release|Any CPU
		{D05F17E5-8D79-4CBE-8D44-B3E417E338B9}.Release|Any CPU.Build.0 = Release|Any CPU
		{CB952379-E429-42D0-821F-425614D263BA}.Debug|Any CPU.ActiveCfg = Debug|Any CPU
		{CB952379-E429-42D0-821F-425614D263BA}.Debug|Any CPU.Build.0 = Debug|Any CPU
		{CB952379-E429-42D0-821F-425614D263BA}.Release|Any CPU.ActiveCfg = Release|Any CPU
		{CB952379-E429-42D0-821F-425614D263BA}.Release|Any CPU.Build.0 = Release|Any CPU
		{E6267054-AD45-4349-B5FE-4F94C60EC2D3}.Debug|Any CPU.ActiveCfg = Debug|Any CPU
		{E6267054-AD45-4349-B5FE-4F94C60EC2D3}.Debug|Any CPU.Build.0 = Debug|Any CPU
		{E6267054-AD45-4349-B5FE-4F94C60EC2D3}.Release|Any CPU.ActiveCfg = Release|Any CPU
		{E6267054-AD45-4349-B5FE-4F94C60EC2D3}.Release|Any CPU.Build.0 = Release|Any CPU
		{2C678DAB-9A48-4039-AF63-E8F53A106F81}.Debug|Any CPU.ActiveCfg = Debug|Any CPU
		{2C678DAB-9A48-4039-AF63-E8F53A106F81}.Debug|Any CPU.Build.0 = Debug|Any CPU
		{2C678DAB-9A48-4039-AF63-E8F53A106F81}.Release|Any CPU.ActiveCfg = Release|Any CPU
		{2C678DAB-9A48-4039-AF63-E8F53A106F81}.Release|Any CPU.Build.0 = Release|Any CPU
		{EEAA68BF-193F-43A5-B5AE-0153B4BDACAA}.Debug|Any CPU.ActiveCfg = Debug|Any CPU
		{EEAA68BF-193F-43A5-B5AE-0153B4BDACAA}.Debug|Any CPU.Build.0 = Debug|Any CPU
		{EEAA68BF-193F-43A5-B5AE-0153B4BDACAA}.Release|Any CPU.ActiveCfg = Release|Any CPU
		{EEAA68BF-193F-43A5-B5AE-0153B4BDACAA}.Release|Any CPU.Build.0 = Release|Any CPU
		{80C36240-864F-4091-BAA2-B4F99A332A30}.Debug|Any CPU.ActiveCfg = Debug|Any CPU
		{80C36240-864F-4091-BAA2-B4F99A332A30}.Debug|Any CPU.Build.0 = Debug|Any CPU
		{80C36240-864F-4091-BAA2-B4F99A332A30}.Release|Any CPU.ActiveCfg = Release|Any CPU
		{80C36240-864F-4091-BAA2-B4F99A332A30}.Release|Any CPU.Build.0 = Release|Any CPU
		{4587A8EC-94E9-45BB-B21A-F41BE0827A19}.Debug|Any CPU.ActiveCfg = Debug|Any CPU
		{4587A8EC-94E9-45BB-B21A-F41BE0827A19}.Debug|Any CPU.Build.0 = Debug|Any CPU
		{4587A8EC-94E9-45BB-B21A-F41BE0827A19}.Release|Any CPU.ActiveCfg = Release|Any CPU
		{4587A8EC-94E9-45BB-B21A-F41BE0827A19}.Release|Any CPU.Build.0 = Release|Any CPU
		{FA263521-FB03-4992-BFCA-6EBA076EEA46}.Debug|Any CPU.ActiveCfg = Debug|Any CPU
		{FA263521-FB03-4992-BFCA-6EBA076EEA46}.Debug|Any CPU.Build.0 = Debug|Any CPU
		{FA263521-FB03-4992-BFCA-6EBA076EEA46}.Release|Any CPU.ActiveCfg = Release|Any CPU
		{FA263521-FB03-4992-BFCA-6EBA076EEA46}.Release|Any CPU.Build.0 = Release|Any CPU
		{534A8749-9E72-4511-9FB9-DBF645DDABBB}.Debug|Any CPU.ActiveCfg = Debug|Any CPU
		{534A8749-9E72-4511-9FB9-DBF645DDABBB}.Debug|Any CPU.Build.0 = Debug|Any CPU
		{534A8749-9E72-4511-9FB9-DBF645DDABBB}.Release|Any CPU.ActiveCfg = Release|Any CPU
		{534A8749-9E72-4511-9FB9-DBF645DDABBB}.Release|Any CPU.Build.0 = Release|Any CPU
		{0C456D4C-565A-4C84-B074-55BDDC23FB68}.Debug|Any CPU.ActiveCfg = Debug|Any CPU
		{0C456D4C-565A-4C84-B074-55BDDC23FB68}.Debug|Any CPU.Build.0 = Debug|Any CPU
		{0C456D4C-565A-4C84-B074-55BDDC23FB68}.Release|Any CPU.ActiveCfg = Release|Any CPU
		{0C456D4C-565A-4C84-B074-55BDDC23FB68}.Release|Any CPU.Build.0 = Release|Any CPU
		{10642595-C3BA-4832-A95B-F9BFA5075487}.Debug|Any CPU.ActiveCfg = Debug|Any CPU
		{10642595-C3BA-4832-A95B-F9BFA5075487}.Debug|Any CPU.Build.0 = Debug|Any CPU
		{10642595-C3BA-4832-A95B-F9BFA5075487}.Release|Any CPU.ActiveCfg = Release|Any CPU
		{10642595-C3BA-4832-A95B-F9BFA5075487}.Release|Any CPU.Build.0 = Release|Any CPU
		{8374E973-ACA7-45ED-B6F6-BA59E24B2F5F}.Debug|Any CPU.ActiveCfg = Debug|Any CPU
		{8374E973-ACA7-45ED-B6F6-BA59E24B2F5F}.Debug|Any CPU.Build.0 = Debug|Any CPU
		{8374E973-ACA7-45ED-B6F6-BA59E24B2F5F}.Release|Any CPU.ActiveCfg = Release|Any CPU
		{8374E973-ACA7-45ED-B6F6-BA59E24B2F5F}.Release|Any CPU.Build.0 = Release|Any CPU
		{CA75D417-D595-45BC-BA13-02DF50B999DA}.Debug|Any CPU.ActiveCfg = Debug|Any CPU
		{CA75D417-D595-45BC-BA13-02DF50B999DA}.Debug|Any CPU.Build.0 = Debug|Any CPU
		{CA75D417-D595-45BC-BA13-02DF50B999DA}.Release|Any CPU.ActiveCfg = Release|Any CPU
		{CA75D417-D595-45BC-BA13-02DF50B999DA}.Release|Any CPU.Build.0 = Release|Any CPU
		{F3AF4B93-B612-4822-A728-F877D55C9EE3}.Debug|Any CPU.ActiveCfg = Debug|Any CPU
		{F3AF4B93-B612-4822-A728-F877D55C9EE3}.Debug|Any CPU.Build.0 = Debug|Any CPU
		{F3AF4B93-B612-4822-A728-F877D55C9EE3}.Release|Any CPU.ActiveCfg = Release|Any CPU
		{F3AF4B93-B612-4822-A728-F877D55C9EE3}.Release|Any CPU.Build.0 = Release|Any CPU
		{2F22C1A3-0C73-4E5A-A834-30294652CEEE}.Debug|Any CPU.ActiveCfg = Debug|Any CPU
		{2F22C1A3-0C73-4E5A-A834-30294652CEEE}.Debug|Any CPU.Build.0 = Debug|Any CPU
		{2F22C1A3-0C73-4E5A-A834-30294652CEEE}.Release|Any CPU.ActiveCfg = Release|Any CPU
		{2F22C1A3-0C73-4E5A-A834-30294652CEEE}.Release|Any CPU.Build.0 = Release|Any CPU
		{187FF3B0-8AD4-4745-9F15-8A5C2E625C71}.Debug|Any CPU.ActiveCfg = Debug|Any CPU
		{187FF3B0-8AD4-4745-9F15-8A5C2E625C71}.Debug|Any CPU.Build.0 = Debug|Any CPU
		{187FF3B0-8AD4-4745-9F15-8A5C2E625C71}.Release|Any CPU.ActiveCfg = Release|Any CPU
		{187FF3B0-8AD4-4745-9F15-8A5C2E625C71}.Release|Any CPU.Build.0 = Release|Any CPU
		{835E3E4C-AF01-4798-9790-8960F864A551}.Debug|Any CPU.ActiveCfg = Debug|Any CPU
		{835E3E4C-AF01-4798-9790-8960F864A551}.Debug|Any CPU.Build.0 = Debug|Any CPU
		{835E3E4C-AF01-4798-9790-8960F864A551}.Release|Any CPU.ActiveCfg = Release|Any CPU
		{835E3E4C-AF01-4798-9790-8960F864A551}.Release|Any CPU.Build.0 = Release|Any CPU
		{3DAF2EB6-E509-4B7B-8DC7-0D97A0E6F043}.Debug|Any CPU.ActiveCfg = Debug|Any CPU
		{3DAF2EB6-E509-4B7B-8DC7-0D97A0E6F043}.Debug|Any CPU.Build.0 = Debug|Any CPU
		{3DAF2EB6-E509-4B7B-8DC7-0D97A0E6F043}.Release|Any CPU.ActiveCfg = Release|Any CPU
		{3DAF2EB6-E509-4B7B-8DC7-0D97A0E6F043}.Release|Any CPU.Build.0 = Release|Any CPU
		{F543BFDE-B4E3-4B83-BEB0-1073D5A72894}.Debug|Any CPU.ActiveCfg = Debug|Any CPU
		{F543BFDE-B4E3-4B83-BEB0-1073D5A72894}.Debug|Any CPU.Build.0 = Debug|Any CPU
		{F543BFDE-B4E3-4B83-BEB0-1073D5A72894}.Release|Any CPU.ActiveCfg = Release|Any CPU
		{F543BFDE-B4E3-4B83-BEB0-1073D5A72894}.Release|Any CPU.Build.0 = Release|Any CPU
		{FD424589-F0EB-41BD-8C6B-A61186214948}.Debug|Any CPU.ActiveCfg = Debug|Any CPU
		{FD424589-F0EB-41BD-8C6B-A61186214948}.Debug|Any CPU.Build.0 = Debug|Any CPU
		{FD424589-F0EB-41BD-8C6B-A61186214948}.Release|Any CPU.ActiveCfg = Release|Any CPU
		{FD424589-F0EB-41BD-8C6B-A61186214948}.Release|Any CPU.Build.0 = Release|Any CPU
		{E0B88309-4BC9-477D-889E-F5C221D6ED66}.Debug|Any CPU.ActiveCfg = Debug|Any CPU
		{E0B88309-4BC9-477D-889E-F5C221D6ED66}.Debug|Any CPU.Build.0 = Debug|Any CPU
		{E0B88309-4BC9-477D-889E-F5C221D6ED66}.Release|Any CPU.ActiveCfg = Release|Any CPU
		{E0B88309-4BC9-477D-889E-F5C221D6ED66}.Release|Any CPU.Build.0 = Release|Any CPU
		{68A0B26F-FF25-42EB-895E-8FB0DD331F80}.Debug|Any CPU.ActiveCfg = Debug|Any CPU
		{68A0B26F-FF25-42EB-895E-8FB0DD331F80}.Debug|Any CPU.Build.0 = Debug|Any CPU
		{68A0B26F-FF25-42EB-895E-8FB0DD331F80}.Release|Any CPU.ActiveCfg = Release|Any CPU
		{68A0B26F-FF25-42EB-895E-8FB0DD331F80}.Release|Any CPU.Build.0 = Release|Any CPU
		{F6F005F9-DB41-4BAF-ACF1-CF69687F50D9}.Debug|Any CPU.ActiveCfg = Debug|Any CPU
		{F6F005F9-DB41-4BAF-ACF1-CF69687F50D9}.Debug|Any CPU.Build.0 = Debug|Any CPU
		{F6F005F9-DB41-4BAF-ACF1-CF69687F50D9}.Release|Any CPU.ActiveCfg = Release|Any CPU
		{F6F005F9-DB41-4BAF-ACF1-CF69687F50D9}.Release|Any CPU.Build.0 = Release|Any CPU
		{0F5C1353-06D1-4941-B1F3-B95B1BD640FD}.Debug|Any CPU.ActiveCfg = Debug|Any CPU
		{0F5C1353-06D1-4941-B1F3-B95B1BD640FD}.Debug|Any CPU.Build.0 = Debug|Any CPU
		{0F5C1353-06D1-4941-B1F3-B95B1BD640FD}.Release|Any CPU.ActiveCfg = Release|Any CPU
		{0F5C1353-06D1-4941-B1F3-B95B1BD640FD}.Release|Any CPU.Build.0 = Release|Any CPU
		{14C08B7A-223D-47DC-8DBE-F050C72050D4}.Debug|Any CPU.ActiveCfg = Debug|Any CPU
		{14C08B7A-223D-47DC-8DBE-F050C72050D4}.Debug|Any CPU.Build.0 = Debug|Any CPU
		{14C08B7A-223D-47DC-8DBE-F050C72050D4}.Release|Any CPU.ActiveCfg = Release|Any CPU
		{14C08B7A-223D-47DC-8DBE-F050C72050D4}.Release|Any CPU.Build.0 = Release|Any CPU
		{B58261F4-B5B9-413E-9429-1F04BAD26240}.Debug|Any CPU.ActiveCfg = Debug|Any CPU
		{B58261F4-B5B9-413E-9429-1F04BAD26240}.Debug|Any CPU.Build.0 = Debug|Any CPU
		{B58261F4-B5B9-413E-9429-1F04BAD26240}.Release|Any CPU.ActiveCfg = Release|Any CPU
		{B58261F4-B5B9-413E-9429-1F04BAD26240}.Release|Any CPU.Build.0 = Release|Any CPU
		{3FD54BAF-0F57-4262-A268-DAAEF5BD5EF8}.Debug|Any CPU.ActiveCfg = Debug|Any CPU
		{3FD54BAF-0F57-4262-A268-DAAEF5BD5EF8}.Debug|Any CPU.Build.0 = Debug|Any CPU
		{3FD54BAF-0F57-4262-A268-DAAEF5BD5EF8}.Release|Any CPU.ActiveCfg = Release|Any CPU
		{3FD54BAF-0F57-4262-A268-DAAEF5BD5EF8}.Release|Any CPU.Build.0 = Release|Any CPU
		{8C3A3935-76F5-470D-9B47-07337F77824B}.Debug|Any CPU.ActiveCfg = Debug|Any CPU
		{8C3A3935-76F5-470D-9B47-07337F77824B}.Debug|Any CPU.Build.0 = Debug|Any CPU
		{8C3A3935-76F5-470D-9B47-07337F77824B}.Release|Any CPU.ActiveCfg = Release|Any CPU
		{8C3A3935-76F5-470D-9B47-07337F77824B}.Release|Any CPU.Build.0 = Release|Any CPU
		{FC2DBB59-F70C-4592-8333-44C6EDD2BD72}.Debug|Any CPU.ActiveCfg = Debug|Any CPU
		{FC2DBB59-F70C-4592-8333-44C6EDD2BD72}.Debug|Any CPU.Build.0 = Debug|Any CPU
		{FC2DBB59-F70C-4592-8333-44C6EDD2BD72}.Release|Any CPU.ActiveCfg = Release|Any CPU
		{FC2DBB59-F70C-4592-8333-44C6EDD2BD72}.Release|Any CPU.Build.0 = Release|Any CPU
		{362F0B39-3C20-4A93-9DFB-80E72A64869E}.Debug|Any CPU.ActiveCfg = Debug|Any CPU
		{362F0B39-3C20-4A93-9DFB-80E72A64869E}.Debug|Any CPU.Build.0 = Debug|Any CPU
		{362F0B39-3C20-4A93-9DFB-80E72A64869E}.Release|Any CPU.ActiveCfg = Release|Any CPU
		{362F0B39-3C20-4A93-9DFB-80E72A64869E}.Release|Any CPU.Build.0 = Release|Any CPU
		{6BCB726C-56C8-4725-A749-7FA3924222F3}.Debug|Any CPU.ActiveCfg = Debug|Any CPU
		{6BCB726C-56C8-4725-A749-7FA3924222F3}.Debug|Any CPU.Build.0 = Debug|Any CPU
		{6BCB726C-56C8-4725-A749-7FA3924222F3}.Release|Any CPU.ActiveCfg = Release|Any CPU
		{6BCB726C-56C8-4725-A749-7FA3924222F3}.Release|Any CPU.Build.0 = Release|Any CPU
		{19827C35-739A-4601-862E-A1B610A1E586}.Debug|Any CPU.ActiveCfg = Debug|Any CPU
		{19827C35-739A-4601-862E-A1B610A1E586}.Debug|Any CPU.Build.0 = Debug|Any CPU
		{19827C35-739A-4601-862E-A1B610A1E586}.Release|Any CPU.ActiveCfg = Release|Any CPU
		{19827C35-739A-4601-862E-A1B610A1E586}.Release|Any CPU.Build.0 = Release|Any CPU
		{2E61E5B8-1047-4C51-A599-79BD0337FBA5}.Debug|Any CPU.ActiveCfg = Debug|Any CPU
		{2E61E5B8-1047-4C51-A599-79BD0337FBA5}.Debug|Any CPU.Build.0 = Debug|Any CPU
		{2E61E5B8-1047-4C51-A599-79BD0337FBA5}.Release|Any CPU.ActiveCfg = Release|Any CPU
		{2E61E5B8-1047-4C51-A599-79BD0337FBA5}.Release|Any CPU.Build.0 = Release|Any CPU
		{119BA9D3-C08A-4626-AEA0-E5B865CD5E07}.Debug|Any CPU.ActiveCfg = Debug|Any CPU
		{119BA9D3-C08A-4626-AEA0-E5B865CD5E07}.Debug|Any CPU.Build.0 = Debug|Any CPU
		{119BA9D3-C08A-4626-AEA0-E5B865CD5E07}.Release|Any CPU.ActiveCfg = Release|Any CPU
		{119BA9D3-C08A-4626-AEA0-E5B865CD5E07}.Release|Any CPU.Build.0 = Release|Any CPU
		{C7BF20E1-AFA9-4F3E-8C4F-795EB4FEC7A6}.Debug|Any CPU.ActiveCfg = Debug|Any CPU
		{C7BF20E1-AFA9-4F3E-8C4F-795EB4FEC7A6}.Debug|Any CPU.Build.0 = Debug|Any CPU
		{C7BF20E1-AFA9-4F3E-8C4F-795EB4FEC7A6}.Release|Any CPU.ActiveCfg = Release|Any CPU
		{C7BF20E1-AFA9-4F3E-8C4F-795EB4FEC7A6}.Release|Any CPU.Build.0 = Release|Any CPU
		{AEC759DE-9F5D-41AB-8152-F041A32610BA}.Debug|Any CPU.ActiveCfg = Debug|Any CPU
		{AEC759DE-9F5D-41AB-8152-F041A32610BA}.Debug|Any CPU.Build.0 = Debug|Any CPU
		{AEC759DE-9F5D-41AB-8152-F041A32610BA}.Release|Any CPU.ActiveCfg = Release|Any CPU
		{AEC759DE-9F5D-41AB-8152-F041A32610BA}.Release|Any CPU.Build.0 = Release|Any CPU
		{06FA4DB4-D6B7-4AA0-A023-53505EB65786}.Debug|Any CPU.ActiveCfg = Debug|Any CPU
		{06FA4DB4-D6B7-4AA0-A023-53505EB65786}.Debug|Any CPU.Build.0 = Debug|Any CPU
		{06FA4DB4-D6B7-4AA0-A023-53505EB65786}.Release|Any CPU.ActiveCfg = Release|Any CPU
		{06FA4DB4-D6B7-4AA0-A023-53505EB65786}.Release|Any CPU.Build.0 = Release|Any CPU
		{4E359853-8563-495D-9355-C83761788C3E}.Debug|Any CPU.ActiveCfg = Debug|Any CPU
		{4E359853-8563-495D-9355-C83761788C3E}.Debug|Any CPU.Build.0 = Debug|Any CPU
		{4E359853-8563-495D-9355-C83761788C3E}.Release|Any CPU.ActiveCfg = Release|Any CPU
		{4E359853-8563-495D-9355-C83761788C3E}.Release|Any CPU.Build.0 = Release|Any CPU
		{8B3BF3E7-9ADA-47F0-8CC1-A1232EAC3DB1}.Debug|Any CPU.ActiveCfg = Debug|Any CPU
		{8B3BF3E7-9ADA-47F0-8CC1-A1232EAC3DB1}.Debug|Any CPU.Build.0 = Debug|Any CPU
		{8B3BF3E7-9ADA-47F0-8CC1-A1232EAC3DB1}.Release|Any CPU.ActiveCfg = Release|Any CPU
		{8B3BF3E7-9ADA-47F0-8CC1-A1232EAC3DB1}.Release|Any CPU.Build.0 = Release|Any CPU
		{B691CF46-C122-4B76-949A-46C49D57974F}.Debug|Any CPU.ActiveCfg = Debug|Any CPU
		{B691CF46-C122-4B76-949A-46C49D57974F}.Debug|Any CPU.Build.0 = Debug|Any CPU
		{B691CF46-C122-4B76-949A-46C49D57974F}.Release|Any CPU.ActiveCfg = Release|Any CPU
		{B691CF46-C122-4B76-949A-46C49D57974F}.Release|Any CPU.Build.0 = Release|Any CPU
		{F2F3E1C4-DA83-435C-AEEA-C5BB82E90B19}.Debug|Any CPU.ActiveCfg = Debug|Any CPU
		{F2F3E1C4-DA83-435C-AEEA-C5BB82E90B19}.Debug|Any CPU.Build.0 = Debug|Any CPU
		{F2F3E1C4-DA83-435C-AEEA-C5BB82E90B19}.Release|Any CPU.ActiveCfg = Release|Any CPU
		{F2F3E1C4-DA83-435C-AEEA-C5BB82E90B19}.Release|Any CPU.Build.0 = Release|Any CPU
		{A0BD788F-93C0-4BDE-B954-F2D8406B74DC}.Debug|Any CPU.ActiveCfg = Debug|Any CPU
		{A0BD788F-93C0-4BDE-B954-F2D8406B74DC}.Debug|Any CPU.Build.0 = Debug|Any CPU
		{A0BD788F-93C0-4BDE-B954-F2D8406B74DC}.Release|Any CPU.ActiveCfg = Release|Any CPU
		{A0BD788F-93C0-4BDE-B954-F2D8406B74DC}.Release|Any CPU.Build.0 = Release|Any CPU
		{991CAE6C-E945-4DFB-A470-D2B11943726B}.Debug|Any CPU.ActiveCfg = Debug|Any CPU
		{991CAE6C-E945-4DFB-A470-D2B11943726B}.Debug|Any CPU.Build.0 = Debug|Any CPU
		{991CAE6C-E945-4DFB-A470-D2B11943726B}.Release|Any CPU.ActiveCfg = Release|Any CPU
		{991CAE6C-E945-4DFB-A470-D2B11943726B}.Release|Any CPU.Build.0 = Release|Any CPU
		{1C72F321-CA06-4C02-A369-A1B16571D50C}.Debug|Any CPU.ActiveCfg = Debug|Any CPU
		{1C72F321-CA06-4C02-A369-A1B16571D50C}.Debug|Any CPU.Build.0 = Debug|Any CPU
		{1C72F321-CA06-4C02-A369-A1B16571D50C}.Release|Any CPU.ActiveCfg = Release|Any CPU
		{1C72F321-CA06-4C02-A369-A1B16571D50C}.Release|Any CPU.Build.0 = Release|Any CPU
		{CF979235-CD98-431C-B67B-DB86E8CC0322}.Debug|Any CPU.ActiveCfg = Debug|Any CPU
		{CF979235-CD98-431C-B67B-DB86E8CC0322}.Debug|Any CPU.Build.0 = Debug|Any CPU
		{CF979235-CD98-431C-B67B-DB86E8CC0322}.Release|Any CPU.ActiveCfg = Release|Any CPU
		{CF979235-CD98-431C-B67B-DB86E8CC0322}.Release|Any CPU.Build.0 = Release|Any CPU
		{8358EED1-C0F6-4B85-9EE7-E3A937B09B29}.Debug|Any CPU.ActiveCfg = Debug|Any CPU
		{8358EED1-C0F6-4B85-9EE7-E3A937B09B29}.Debug|Any CPU.Build.0 = Debug|Any CPU
		{8358EED1-C0F6-4B85-9EE7-E3A937B09B29}.Release|Any CPU.ActiveCfg = Release|Any CPU
		{8358EED1-C0F6-4B85-9EE7-E3A937B09B29}.Release|Any CPU.Build.0 = Release|Any CPU
		{25246274-0297-4C54-A27A-7F998424136B}.Debug|Any CPU.ActiveCfg = Debug|Any CPU
		{25246274-0297-4C54-A27A-7F998424136B}.Debug|Any CPU.Build.0 = Debug|Any CPU
		{25246274-0297-4C54-A27A-7F998424136B}.Release|Any CPU.ActiveCfg = Release|Any CPU
		{25246274-0297-4C54-A27A-7F998424136B}.Release|Any CPU.Build.0 = Release|Any CPU
		{89C32BF8-DFD7-47A5-A9A1-A4B0A39BD2AF}.Debug|Any CPU.ActiveCfg = Debug|Any CPU
		{89C32BF8-DFD7-47A5-A9A1-A4B0A39BD2AF}.Debug|Any CPU.Build.0 = Debug|Any CPU
		{89C32BF8-DFD7-47A5-A9A1-A4B0A39BD2AF}.Release|Any CPU.ActiveCfg = Release|Any CPU
		{89C32BF8-DFD7-47A5-A9A1-A4B0A39BD2AF}.Release|Any CPU.Build.0 = Release|Any CPU
		{B5304095-A213-4E8D-B950-C16CD65E357A}.Debug|Any CPU.ActiveCfg = Debug|Any CPU
		{B5304095-A213-4E8D-B950-C16CD65E357A}.Debug|Any CPU.Build.0 = Debug|Any CPU
		{B5304095-A213-4E8D-B950-C16CD65E357A}.Release|Any CPU.ActiveCfg = Release|Any CPU
		{B5304095-A213-4E8D-B950-C16CD65E357A}.Release|Any CPU.Build.0 = Release|Any CPU
		{39A8890C-F289-4272-8B19-7AA37BA06EF2}.Debug|Any CPU.ActiveCfg = Debug|Any CPU
		{39A8890C-F289-4272-8B19-7AA37BA06EF2}.Debug|Any CPU.Build.0 = Debug|Any CPU
		{39A8890C-F289-4272-8B19-7AA37BA06EF2}.Release|Any CPU.ActiveCfg = Release|Any CPU
		{39A8890C-F289-4272-8B19-7AA37BA06EF2}.Release|Any CPU.Build.0 = Release|Any CPU
		{5908F693-9BDD-4BDF-AE68-0CE3C801CF53}.Debug|Any CPU.ActiveCfg = Debug|Any CPU
		{5908F693-9BDD-4BDF-AE68-0CE3C801CF53}.Debug|Any CPU.Build.0 = Debug|Any CPU
		{5908F693-9BDD-4BDF-AE68-0CE3C801CF53}.Release|Any CPU.ActiveCfg = Release|Any CPU
		{5908F693-9BDD-4BDF-AE68-0CE3C801CF53}.Release|Any CPU.Build.0 = Release|Any CPU
		{57C207B8-DC87-4FBD-B116-86CAD1B9CEB0}.Debug|Any CPU.ActiveCfg = Debug|Any CPU
		{57C207B8-DC87-4FBD-B116-86CAD1B9CEB0}.Debug|Any CPU.Build.0 = Debug|Any CPU
		{57C207B8-DC87-4FBD-B116-86CAD1B9CEB0}.Release|Any CPU.ActiveCfg = Release|Any CPU
		{57C207B8-DC87-4FBD-B116-86CAD1B9CEB0}.Release|Any CPU.Build.0 = Release|Any CPU
		{E9FCE4A5-504B-4174-9789-632D7309F14D}.Debug|Any CPU.ActiveCfg = Debug|Any CPU
		{E9FCE4A5-504B-4174-9789-632D7309F14D}.Debug|Any CPU.Build.0 = Debug|Any CPU
		{E9FCE4A5-504B-4174-9789-632D7309F14D}.Release|Any CPU.ActiveCfg = Release|Any CPU
		{E9FCE4A5-504B-4174-9789-632D7309F14D}.Release|Any CPU.Build.0 = Release|Any CPU
		{29F1A3F8-0CA4-436B-B128-DC63C9268903}.Debug|Any CPU.ActiveCfg = Debug|Any CPU
		{29F1A3F8-0CA4-436B-B128-DC63C9268903}.Debug|Any CPU.Build.0 = Debug|Any CPU
		{29F1A3F8-0CA4-436B-B128-DC63C9268903}.Release|Any CPU.ActiveCfg = Release|Any CPU
		{29F1A3F8-0CA4-436B-B128-DC63C9268903}.Release|Any CPU.Build.0 = Release|Any CPU
		{C0580C51-8834-4F05-8FFD-7283CA37E6E8}.Debug|Any CPU.ActiveCfg = Debug|Any CPU
		{C0580C51-8834-4F05-8FFD-7283CA37E6E8}.Debug|Any CPU.Build.0 = Debug|Any CPU
		{C0580C51-8834-4F05-8FFD-7283CA37E6E8}.Release|Any CPU.ActiveCfg = Release|Any CPU
		{C0580C51-8834-4F05-8FFD-7283CA37E6E8}.Release|Any CPU.Build.0 = Release|Any CPU
	EndGlobalSection
	GlobalSection(SolutionProperties) = preSolution
		HideSolutionNode = FALSE
	EndGlobalSection
	GlobalSection(ExtensibilityGlobals) = postSolution
		SolutionGuid = {3E7DBD9A-D759-4D24-89DF-0FFECB5BBAA9}
	EndGlobalSection
EndGlobal
