
Microsoft Visual Studio Solution File, Format Version 12.00
# Visual Studio Version 17
VisualStudioVersion = 17.2.32630.192
MinimumVisualStudioVersion = 10.0.40219.1
Project("{9A19103F-16F7-4668-BE54-9A1E7A4F7556}") = "R5T.L0045.Construction", "R5T.L0045.Construction\R5T.L0045.Construction.csproj", "{34E7BA37-1886-4F07-A822-AF23F0629FEF}"
EndProject
Project("{9A19103F-16F7-4668-BE54-9A1E7A4F7556}") = "R5T.L0045", "R5T.L0045\R5T.L0045.csproj", "{1D3068F3-2FEC-4A14-8384-89AC01237113}"
EndProject
Global
	GlobalSection(SolutionConfigurationPlatforms) = preSolution
		Debug|Any CPU = Debug|Any CPU
		Release|Any CPU = Release|Any CPU
	EndGlobalSection
	GlobalSection(ProjectConfigurationPlatforms) = postSolution
		{34E7BA37-1886-4F07-A822-AF23F0629FEF}.Debug|Any CPU.ActiveCfg = Debug|Any CPU
		{34E7BA37-1886-4F07-A822-AF23F0629FEF}.Debug|Any CPU.Build.0 = Debug|Any CPU
		{34E7BA37-1886-4F07-A822-AF23F0629FEF}.Release|Any CPU.ActiveCfg = Release|Any CPU
		{34E7BA37-1886-4F07-A822-AF23F0629FEF}.Release|Any CPU.Build.0 = Release|Any CPU
		{1D3068F3-2FEC-4A14-8384-89AC01237113}.Debug|Any CPU.ActiveCfg = Debug|Any CPU
		{1D3068F3-2FEC-4A14-8384-89AC01237113}.Debug|Any CPU.Build.0 = Debug|Any CPU
		{1D3068F3-2FEC-4A14-8384-89AC01237113}.Release|Any CPU.ActiveCfg = Release|Any CPU
		{1D3068F3-2FEC-4A14-8384-89AC01237113}.Release|Any CPU.Build.0 = Release|Any CPU
	EndGlobalSection
	GlobalSection(SolutionProperties) = preSolution
		HideSolutionNode = FALSE
	EndGlobalSection
	GlobalSection(ExtensibilityGlobals) = postSolution
		SolutionGuid = {76D91802-937C-4647-B906-E3D5D5C0ECE4}
	EndGlobalSection
EndGlobal
